
Microsoft Visual Studio Solution File, Format Version 12.00
# Visual Studio 15
VisualStudioVersion = 15.0.27130.2027
MinimumVisualStudioVersion = 10.0.40219.1
Project("{FAE04EC0-301F-11D3-BF4B-00C04F79EFBC}") = "ConsoleApp1", "ConsoleApp1\ConsoleApp1.csproj", "{1587D02D-2423-4725-AE84-BAC120149979}"
EndProject
Project("{FAE04EC0-301F-11D3-BF4B-00C04F79EFBC}") = "UnitTestProject2", "UnitTestProject2\UnitTestProject2.csproj", "{90895820-7E8F-45D6-A91E-26330606609B}"
EndProject
Global
	GlobalSection(SolutionConfigurationPlatforms) = preSolution
		Debug|Any CPU = Debug|Any CPU
		Release|Any CPU = Release|Any CPU
	EndGlobalSection
	GlobalSection(ProjectConfigurationPlatforms) = postSolution
		{1587D02D-2423-4725-AE84-BAC120149979}.Debug|Any CPU.ActiveCfg = Debug|Any CPU
		{1587D02D-2423-4725-AE84-BAC120149979}.Debug|Any CPU.Build.0 = Debug|Any CPU
		{1587D02D-2423-4725-AE84-BAC120149979}.Release|Any CPU.ActiveCfg = Release|Any CPU
		{1587D02D-2423-4725-AE84-BAC120149979}.Release|Any CPU.Build.0 = Release|Any CPU
		{90895820-7E8F-45D6-A91E-26330606609B}.Debug|Any CPU.ActiveCfg = Debug|Any CPU
		{90895820-7E8F-45D6-A91E-26330606609B}.Debug|Any CPU.Build.0 = Debug|Any CPU
		{90895820-7E8F-45D6-A91E-26330606609B}.Release|Any CPU.ActiveCfg = Release|Any CPU
		{90895820-7E8F-45D6-A91E-26330606609B}.Release|Any CPU.Build.0 = Release|Any CPU
	EndGlobalSection
	GlobalSection(SolutionProperties) = preSolution
		HideSolutionNode = FALSE
	EndGlobalSection
	GlobalSection(ExtensibilityGlobals) = postSolution
		SolutionGuid = {E75C192F-D19A-44B3-A632-904986986F84}
	EndGlobalSection
EndGlobal
